{
  "originHash" : "8204eff1064f4da48f1290751eb81cc25ad2a69af99f4184b2cd544ca87b1e37",
  "pins" : [
    {
      "identity" : "axswift",
      "kind" : "remoteSourceControl",
      "location" : "https://github.com/tmandry/AXSwift",
      "state" : {
        "revision" : "81dcc36aced905d6464cc25e35f8d13184bbf21c",
        "version" : "0.3.2"
      }
    },
    {
      "identity" : "launchatlogin-modern",
      "kind" : "remoteSourceControl",
      "location" : "https://github.com/sindresorhus/LaunchAtLogin-Modern",
      "state" : {
        "revision" : "a04ec1c363be3627734f6dad757d82f5d4fa8fcc",
        "version" : "1.1.0"
      }
    },
    {
      "identity" : "masshortcut",
      "kind" : "remoteSourceControl",
      "location" : "https://github.com/cocoabits/MASShortcut",
      "state" : {
        "revision" : "6f2603c6b6cc18f64a799e5d2c9d3bbc467c413a"
      }
    },
    {
      "identity" : "settings",
      "kind" : "remoteSourceControl",
      "location" : "https://github.com/sindresorhus/Settings",
      "state" : {
        "revision" : "4802a493acef50c814e4eb63e9a44e0941ec8883",
        "version" : "2.2.0"
      }
    }
  ],
  "version" : 3
}
