PODS:
  - AXSwift (0.3.1)
  - MASShortcut (2.4.0)
  - Preferences (2.2.0)
  - RxCocoa (5.1.1):
    - RxRelay (~> 5)
    - RxSwift (~> 5)
  - RxRelay (5.1.1):
    - RxSwift (~> 5)
  - RxSwift (5.1.1)

DEPENDENCIES:
  - AXSwift (~> 0.2)
  - MASShortcut
  - Preferences
  - RxCocoa (~> 5)
  - RxSwift (~> 5)

SPEC REPOS:
  trunk:
    - AXSwift
    - MASShortcut
    - Preferences
    - RxCocoa
    - RxRelay
    - RxSwift

SPEC CHECKSUMS:
  AXSwift: 24508e48dd103399d5e495201a8157a663029b92
  MASShortcut: d9e4909e878661cc42877cc9d6efbe638273ab57
  Preferences: 4894cc28df3557336b0b72440c893d95203d3e33
  RxCocoa: 32065309a38d29b5b0db858819b5bf9ef038b601
  RxRelay: d77f7d771495f43c556cbc43eebd1bb54d01e8e9
  RxSwift: 81470a2074fa8780320ea5fe4102807cb7118178

PODFILE CHECKSUM: 6608d49585448b72c0d79661987a3d75dc177c34

COCOAPODS: 1.16.2
